
Microsoft Visual Studio Solution File, Format Version 12.00
# Visual Studio 15
Project("{FAE04EC0-301F-11D3-BF4B-00C04F79EFBC}") = "Unity.Template.CompetitiveActionMultiplayer", "Unity.Template.CompetitiveActionMultiplayer.csproj", "{7A4EFD5B-C432-5699-1952-2AA30A8ACBF9}"
EndProject
Project("{FAE04EC0-301F-11D3-BF4B-00C04F79EFBC}") = "Unity.Template.CompetitiveActionMultiplayer.Editor.Tutorials", "Unity.Template.CompetitiveActionMultiplayer.Editor.Tutorials.csproj", "{E29AF832-F864-A3CE-FDB4-A92F46446D29}"
EndProject
Project("{FAE04EC0-301F-11D3-BF4B-00C04F79EFBC}") = "Unity.Template.CompetitiveActionMultiplayer.Server.Editor", "Unity.Template.CompetitiveActionMultiplayer.Server.Editor.csproj", "{B2A19678-7CA4-91A9-DBCD-CB4DB166F81B}"
EndProject
Global
	GlobalSection(SolutionConfigurationPlatforms) = preSolution
		Debug|Any CPU = Debug|Any CPU
		Release|Any CPU = Release|Any CPU
	EndGlobalSection
	GlobalSection(ProjectConfigurationPlatforms) = postSolution
		{7A4EFD5B-C432-5699-1952-2AA30A8ACBF9}.Debug|Any CPU.ActiveCfg = Debug|Any CPU
		{7A4EFD5B-C432-5699-1952-2AA30A8ACBF9}.Debug|Any CPU.Build.0 = Debug|Any CPU
		{7A4EFD5B-C432-5699-1952-2AA30A8ACBF9}.Release|Any CPU.ActiveCfg = Release|Any CPU
		{7A4EFD5B-C432-5699-1952-2AA30A8ACBF9}.Release|Any CPU.Build.0 = Release|Any CPU
		{E29AF832-F864-A3CE-FDB4-A92F46446D29}.Debug|Any CPU.ActiveCfg = Debug|Any CPU
		{E29AF832-F864-A3CE-FDB4-A92F46446D29}.Debug|Any CPU.Build.0 = Debug|Any CPU
		{E29AF832-F864-A3CE-FDB4-A92F46446D29}.Release|Any CPU.ActiveCfg = Release|Any CPU
		{E29AF832-F864-A3CE-FDB4-A92F46446D29}.Release|Any CPU.Build.0 = Release|Any CPU
		{B2A19678-7CA4-91A9-DBCD-CB4DB166F81B}.Debug|Any CPU.ActiveCfg = Debug|Any CPU
		{B2A19678-7CA4-91A9-DBCD-CB4DB166F81B}.Debug|Any CPU.Build.0 = Debug|Any CPU
		{B2A19678-7CA4-91A9-DBCD-CB4DB166F81B}.Release|Any CPU.ActiveCfg = Release|Any CPU
		{B2A19678-7CA4-91A9-DBCD-CB4DB166F81B}.Release|Any CPU.Build.0 = Release|Any CPU
	EndGlobalSection
	GlobalSection(SolutionProperties) = preSolution
		HideSolutionNode = FALSE
	EndGlobalSection
EndGlobal
