
Microsoft Visual Studio Solution File, Format Version 12.00
# Visual Studio 15
Project("{FAE04EC0-301F-11D3-BF4B-00C04F79EFBC}") = "Unity.Template.CompetitiveActionMultiplayer", "Unity.Template.CompetitiveActionMultiplayer.csproj", "{320B4B95-AEE6-39F2-598F-997D8E33FA3E}"
EndProject
Project("{FAE04EC0-301F-11D3-BF4B-00C04F79EFBC}") = "Unity.Template.CompetitiveActionMultiplayer.Editor.Tutorials", "Unity.Template.CompetitiveActionMultiplayer.Editor.Tutorials.csproj", "{F0272A49-E681-1F32-0302-8D7F40B32C1A}"
EndProject
Project("{FAE04EC0-301F-11D3-BF4B-00C04F79EFBC}") = "Unity.Template.CompetitiveActionMultiplayer.Server.Editor", "Unity.Template.CompetitiveActionMultiplayer.Server.Editor.csproj", "{6C893C16-1D16-42AA-00D3-6B69CE372870}"
EndProject
Global
	GlobalSection(SolutionConfigurationPlatforms) = preSolution
		Debug|Any CPU = Debug|Any CPU
		Release|Any CPU = Release|Any CPU
	EndGlobalSection
	GlobalSection(ProjectConfigurationPlatforms) = postSolution
		{320B4B95-AEE6-39F2-598F-997D8E33FA3E}.Debug|Any CPU.ActiveCfg = Debug|Any CPU
		{320B4B95-AEE6-39F2-598F-997D8E33FA3E}.Debug|Any CPU.Build.0 = Debug|Any CPU
		{320B4B95-AEE6-39F2-598F-997D8E33FA3E}.Release|Any CPU.ActiveCfg = Release|Any CPU
		{320B4B95-AEE6-39F2-598F-997D8E33FA3E}.Release|Any CPU.Build.0 = Release|Any CPU
		{F0272A49-E681-1F32-0302-8D7F40B32C1A}.Debug|Any CPU.ActiveCfg = Debug|Any CPU
		{F0272A49-E681-1F32-0302-8D7F40B32C1A}.Debug|Any CPU.Build.0 = Debug|Any CPU
		{F0272A49-E681-1F32-0302-8D7F40B32C1A}.Release|Any CPU.ActiveCfg = Release|Any CPU
		{F0272A49-E681-1F32-0302-8D7F40B32C1A}.Release|Any CPU.Build.0 = Release|Any CPU
		{6C893C16-1D16-42AA-00D3-6B69CE372870}.Debug|Any CPU.ActiveCfg = Debug|Any CPU
		{6C893C16-1D16-42AA-00D3-6B69CE372870}.Debug|Any CPU.Build.0 = Debug|Any CPU
		{6C893C16-1D16-42AA-00D3-6B69CE372870}.Release|Any CPU.ActiveCfg = Release|Any CPU
		{6C893C16-1D16-42AA-00D3-6B69CE372870}.Release|Any CPU.Build.0 = Release|Any CPU
	EndGlobalSection
	GlobalSection(SolutionProperties) = preSolution
		HideSolutionNode = FALSE
	EndGlobalSection
EndGlobal
